
Microsoft Visual Studio Solution File, Format Version 12.00
# Visual Studio 15
VisualStudioVersion = 15.0.28307.902
MinimumVisualStudioVersion = 10.0.40219.1
Project("{9A19103F-16F7-4668-BE54-9A1E7A4F7556}") = "DistributedGIS", "DistributedGIS\DistributedGIS.csproj", "{99F86659-4B9E-4832-83E5-1C93C17087DF}"
EndProject
Project("{9A19103F-16F7-4668-BE54-9A1E7A4F7556}") = "NetTopologySuite", "NetTopologySuite\NetTopologySuite.csproj", "{7F3D0106-E1B1-4C46-AD96-15BE54069CF6}"
EndProject
Project("{9A19103F-16F7-4668-BE54-9A1E7A4F7556}") = "Test.Console", "Test.Console\Test.Console.csproj", "{4C33C839-2F4A-419E-9BB9-6A8A11DF8802}"
EndProject
Project("{9A19103F-16F7-4668-BE54-9A1E7A4F7556}") = "DistributedGIS.WebApi", "DistributedGIS.WebApi\DistributedGIS.WebApi.csproj", "{D4333D2E-4A7F-4939-BBF8-B3A58AE5DDF6}"
EndProject
Project("{9A19103F-16F7-4668-BE54-9A1E7A4F7556}") = "DistributedGIS.Extensions", "DistributedGIS.Extensions\DistributedGIS.Extensions.csproj", "{6193AADF-0B7A-496A-AF5E-9E36F450E9AD}"
EndProject
Project("{9A19103F-16F7-4668-BE54-9A1E7A4F7556}") = "DistributedGIS.ESRI.Extensions", "DistributedGIS.ESRI.Extensions\DistributedGIS.ESRI.Extensions.csproj", "{88A57D06-EEFD-4A62-8C30-13EEDA14B1A9}"
EndProject
Project("{9A19103F-16F7-4668-BE54-9A1E7A4F7556}") = "DistributedGIS.DataSource", "DistributedGIS.DataSource\DistributedGIS.DataSource.csproj", "{C7F24159-8012-4856-A220-77CC2C55EFE9}"
EndProject
Project("{FAE04EC0-301F-11D3-BF4B-00C04F79EFBC}") = "DistributedGIS.GRPCClient", "DistributedGIS.GRPCClient\DistributedGIS.GRPCClient.csproj", "{F060E607-19C2-42C1-9D52-4B7D282E4671}"
EndProject
Project("{FAE04EC0-301F-11D3-BF4B-00C04F79EFBC}") = "DistributedGIS.GRPCServer", "DistributedGIS.GRPCServer\DistributedGIS.GRPCServer.csproj", "{51A586C3-F546-490D-B8CC-D0BCD35DF774}"
EndProject
Global
	GlobalSection(SolutionConfigurationPlatforms) = preSolution
		Debug|Any CPU = Debug|Any CPU
		Release|Any CPU = Release|Any CPU
	EndGlobalSection
	GlobalSection(ProjectConfigurationPlatforms) = postSolution
		{99F86659-4B9E-4832-83E5-1C93C17087DF}.Debug|Any CPU.ActiveCfg = Debug|Any CPU
		{99F86659-4B9E-4832-83E5-1C93C17087DF}.Debug|Any CPU.Build.0 = Debug|Any CPU
		{99F86659-4B9E-4832-83E5-1C93C17087DF}.Release|Any CPU.ActiveCfg = Release|Any CPU
		{99F86659-4B9E-4832-83E5-1C93C17087DF}.Release|Any CPU.Build.0 = Release|Any CPU
		{7F3D0106-E1B1-4C46-AD96-15BE54069CF6}.Debug|Any CPU.ActiveCfg = Debug|Any CPU
		{7F3D0106-E1B1-4C46-AD96-15BE54069CF6}.Debug|Any CPU.Build.0 = Debug|Any CPU
		{7F3D0106-E1B1-4C46-AD96-15BE54069CF6}.Release|Any CPU.ActiveCfg = Release|Any CPU
		{7F3D0106-E1B1-4C46-AD96-15BE54069CF6}.Release|Any CPU.Build.0 = Release|Any CPU
		{4C33C839-2F4A-419E-9BB9-6A8A11DF8802}.Debug|Any CPU.ActiveCfg = Debug|Any CPU
		{4C33C839-2F4A-419E-9BB9-6A8A11DF8802}.Debug|Any CPU.Build.0 = Debug|Any CPU
		{4C33C839-2F4A-419E-9BB9-6A8A11DF8802}.Release|Any CPU.ActiveCfg = Release|Any CPU
		{4C33C839-2F4A-419E-9BB9-6A8A11DF8802}.Release|Any CPU.Build.0 = Release|Any CPU
		{D4333D2E-4A7F-4939-BBF8-B3A58AE5DDF6}.Debug|Any CPU.ActiveCfg = Debug|Any CPU
		{D4333D2E-4A7F-4939-BBF8-B3A58AE5DDF6}.Debug|Any CPU.Build.0 = Debug|Any CPU
		{D4333D2E-4A7F-4939-BBF8-B3A58AE5DDF6}.Release|Any CPU.ActiveCfg = Release|Any CPU
		{D4333D2E-4A7F-4939-BBF8-B3A58AE5DDF6}.Release|Any CPU.Build.0 = Release|Any CPU
		{6193AADF-0B7A-496A-AF5E-9E36F450E9AD}.Debug|Any CPU.ActiveCfg = Debug|Any CPU
		{6193AADF-0B7A-496A-AF5E-9E36F450E9AD}.Debug|Any CPU.Build.0 = Debug|Any CPU
		{6193AADF-0B7A-496A-AF5E-9E36F450E9AD}.Release|Any CPU.ActiveCfg = Release|Any CPU
		{6193AADF-0B7A-496A-AF5E-9E36F450E9AD}.Release|Any CPU.Build.0 = Release|Any CPU
		{88A57D06-EEFD-4A62-8C30-13EEDA14B1A9}.Debug|Any CPU.ActiveCfg = Debug|Any CPU
		{88A57D06-EEFD-4A62-8C30-13EEDA14B1A9}.Debug|Any CPU.Build.0 = Debug|Any CPU
		{88A57D06-EEFD-4A62-8C30-13EEDA14B1A9}.Release|Any CPU.ActiveCfg = Release|Any CPU
		{88A57D06-EEFD-4A62-8C30-13EEDA14B1A9}.Release|Any CPU.Build.0 = Release|Any CPU
		{C7F24159-8012-4856-A220-77CC2C55EFE9}.Debug|Any CPU.ActiveCfg = Debug|Any CPU
		{C7F24159-8012-4856-A220-77CC2C55EFE9}.Debug|Any CPU.Build.0 = Debug|Any CPU
		{C7F24159-8012-4856-A220-77CC2C55EFE9}.Release|Any CPU.ActiveCfg = Release|Any CPU
		{C7F24159-8012-4856-A220-77CC2C55EFE9}.Release|Any CPU.Build.0 = Release|Any CPU
		{F060E607-19C2-42C1-9D52-4B7D282E4671}.Debug|Any CPU.ActiveCfg = Debug|Any CPU
		{F060E607-19C2-42C1-9D52-4B7D282E4671}.Debug|Any CPU.Build.0 = Debug|Any CPU
		{F060E607-19C2-42C1-9D52-4B7D282E4671}.Release|Any CPU.ActiveCfg = Release|Any CPU
		{F060E607-19C2-42C1-9D52-4B7D282E4671}.Release|Any CPU.Build.0 = Release|Any CPU
		{51A586C3-F546-490D-B8CC-D0BCD35DF774}.Debug|Any CPU.ActiveCfg = Debug|Any CPU
		{51A586C3-F546-490D-B8CC-D0BCD35DF774}.Debug|Any CPU.Build.0 = Debug|Any CPU
		{51A586C3-F546-490D-B8CC-D0BCD35DF774}.Release|Any CPU.ActiveCfg = Release|Any CPU
		{51A586C3-F546-490D-B8CC-D0BCD35DF774}.Release|Any CPU.Build.0 = Release|Any CPU
	EndGlobalSection
	GlobalSection(SolutionProperties) = preSolution
		HideSolutionNode = FALSE
	EndGlobalSection
	GlobalSection(ExtensibilityGlobals) = postSolution
		SolutionGuid = {75B5DDE8-BC6B-481E-8836-7A7D23DD97D2}
	EndGlobalSection
EndGlobal
